// !$*UTF8*$!
{
	archiveVersion = 1;
	classes = {
	};
	objectVersion = 46;
	objects = {

/* Begin PBXBuildFile section */
		45DC2E26989F65F041A5928C /* Pods_Day0Tests.framework in Frameworks */ = {isa = PBXBuildFile; fileRef = 8F6377DFCDDA8C170597B15E /* Pods_Day0Tests.framework */; };
		5201E9C81E746D4600EFE64D /* Camera.storyboard in Resources */ = {isa = PBXBuildFile; fileRef = 5201E9C71E746D4600EFE64D /* Camera.storyboard */; };
		5201E9CA1E74719300EFE64D /* HistoryData.swift in Sources */ = {isa = PBXBuildFile; fileRef = 5201E9C91E74719300EFE64D /* HistoryData.swift */; };
		5201E9CC1E747A7A00EFE64D /* PicturePopupViewController.swift in Sources */ = {isa = PBXBuildFile; fileRef = 5201E9CB1E747A7A00EFE64D /* PicturePopupViewController.swift */; };
		5201E9CE1E747AAC00EFE64D /* PicturePopup.storyboard in Resources */ = {isa = PBXBuildFile; fileRef = 5201E9CD1E747AAC00EFE64D /* PicturePopup.storyboard */; };
		5201E9D01E7480BC00EFE64D /* TKRadarChart.swift in Sources */ = {isa = PBXBuildFile; fileRef = 5201E9CF1E7480BC00EFE64D /* TKRadarChart.swift */; };
		5201E9D21E74816E00EFE64D /* PicturePopupResultViewController.swift in Sources */ = {isa = PBXBuildFile; fileRef = 5201E9D11E74816E00EFE64D /* PicturePopupResultViewController.swift */; };
		5201E9D41E7484E900EFE64D /* RadarChartViewController.swift in Sources */ = {isa = PBXBuildFile; fileRef = 5201E9D31E7484E900EFE64D /* RadarChartViewController.swift */; };
		526703CC1E73DC8A00040525 /* EmotionApi.swift in Sources */ = {isa = PBXBuildFile; fileRef = 526703CB1E73DC8A00040525 /* EmotionApi.swift */; };
		526703CE1E73DD5100040525 /* Emotion.swift in Sources */ = {isa = PBXBuildFile; fileRef = 526703CD1E73DD5100040525 /* Emotion.swift */; };
		526703D01E73F43E00040525 /* Graphs.storyboard in Resources */ = {isa = PBXBuildFile; fileRef = 526703CF1E73F43E00040525 /* Graphs.storyboard */; };
		526703D21E73F44800040525 /* Support.storyboard in Resources */ = {isa = PBXBuildFile; fileRef = 526703D11E73F44800040525 /* Support.storyboard */; };
		526703D41E73F45300040525 /* History.storyboard in Resources */ = {isa = PBXBuildFile; fileRef = 526703D31E73F45300040525 /* History.storyboard */; };
		636D5E7C1E74726E001D9FE3 /* CameraViewController.swift in Sources */ = {isa = PBXBuildFile; fileRef = 636D5E7B1E74726E001D9FE3 /* CameraViewController.swift */; };
		636D5E7D1E74726E001D9FE3 /* CameraViewController.swift in Sources */ = {isa = PBXBuildFile; fileRef = 636D5E7B1E74726E001D9FE3 /* CameraViewController.swift */; };
		636D5E7E1E74726E001D9FE3 /* CameraViewController.swift in Sources */ = {isa = PBXBuildFile; fileRef = 636D5E7B1E74726E001D9FE3 /* CameraViewController.swift */; };
		6A4F8801BAC587300B759899 /* Pods_Day0UITests.framework in Frameworks */ = {isa = PBXBuildFile; fileRef = DB44608B4AFB745D2E435B59 /* Pods_Day0UITests.framework */; };
		776EC8531E73915B005671DF /* AppDelegate.swift in Sources */ = {isa = PBXBuildFile; fileRef = 776EC8521E73915B005671DF /* AppDelegate.swift */; };
		776EC8551E73915B005671DF /* ViewController.swift in Sources */ = {isa = PBXBuildFile; fileRef = 776EC8541E73915B005671DF /* ViewController.swift */; };
		776EC8581E73915B005671DF /* Main.storyboard in Resources */ = {isa = PBXBuildFile; fileRef = 776EC8561E73915B005671DF /* Main.storyboard */; };
		776EC85A1E73915B005671DF /* Assets.xcassets in Resources */ = {isa = PBXBuildFile; fileRef = 776EC8591E73915B005671DF /* Assets.xcassets */; };
		776EC85D1E73915B005671DF /* LaunchScreen.storyboard in Resources */ = {isa = PBXBuildFile; fileRef = 776EC85B1E73915B005671DF /* LaunchScreen.storyboard */; };
		776EC8681E73915B005671DF /* Day0Tests.swift in Sources */ = {isa = PBXBuildFile; fileRef = 776EC8671E73915B005671DF /* Day0Tests.swift */; };
		776EC8731E73915B005671DF /* Day0UITests.swift in Sources */ = {isa = PBXBuildFile; fileRef = 776EC8721E73915B005671DF /* Day0UITests.swift */; };
		C3F10D4150A342C2097B0DE3 /* Pods_Day0.framework in Frameworks */ = {isa = PBXBuildFile; fileRef = 36F57DE73EC90CBE1DC45F3C /* Pods_Day0.framework */; };
/* End PBXBuildFile section */

/* Begin PBXContainerItemProxy section */
		776EC8641E73915B005671DF /* PBXContainerItemProxy */ = {
			isa = PBXContainerItemProxy;
			containerPortal = 776EC8471E73915B005671DF /* Project object */;
			proxyType = 1;
			remoteGlobalIDString = 776EC84E1E73915B005671DF;
			remoteInfo = Day0;
		};
		776EC86F1E73915B005671DF /* PBXContainerItemProxy */ = {
			isa = PBXContainerItemProxy;
			containerPortal = 776EC8471E73915B005671DF /* Project object */;
			proxyType = 1;
			remoteGlobalIDString = 776EC84E1E73915B005671DF;
			remoteInfo = Day0;
		};
/* End PBXContainerItemProxy section */

/* Begin PBXFileReference section */
		36F57DE73EC90CBE1DC45F3C /* Pods_Day0.framework */ = {isa = PBXFileReference; explicitFileType = wrapper.framework; includeInIndex = 0; path = Pods_Day0.framework; sourceTree = BUILT_PRODUCTS_DIR; };
		5201E9C71E746D4600EFE64D /* Camera.storyboard */ = {isa = PBXFileReference; fileEncoding = 4; lastKnownFileType = file.storyboard; path = Camera.storyboard; sourceTree = "<group>"; };
		5201E9C91E74719300EFE64D /* HistoryData.swift */ = {isa = PBXFileReference; fileEncoding = 4; lastKnownFileType = sourcecode.swift; path = HistoryData.swift; sourceTree = "<group>"; };
		5201E9CB1E747A7A00EFE64D /* PicturePopupViewController.swift */ = {isa = PBXFileReference; fileEncoding = 4; lastKnownFileType = sourcecode.swift; path = PicturePopupViewController.swift; sourceTree = "<group>"; };
		5201E9CD1E747AAC00EFE64D /* PicturePopup.storyboard */ = {isa = PBXFileReference; fileEncoding = 4; lastKnownFileType = file.storyboard; path = PicturePopup.storyboard; sourceTree = "<group>"; };
		5201E9CF1E7480BC00EFE64D /* TKRadarChart.swift */ = {isa = PBXFileReference; fileEncoding = 4; lastKnownFileType = sourcecode.swift; path = TKRadarChart.swift; sourceTree = "<group>"; };
		5201E9D11E74816E00EFE64D /* PicturePopupResultViewController.swift */ = {isa = PBXFileReference; fileEncoding = 4; lastKnownFileType = sourcecode.swift; path = PicturePopupResultViewController.swift; sourceTree = "<group>"; };
		5201E9D31E7484E900EFE64D /* RadarChartViewController.swift */ = {isa = PBXFileReference; fileEncoding = 4; lastKnownFileType = sourcecode.swift; path = RadarChartViewController.swift; sourceTree = "<group>"; };
		526703CB1E73DC8A00040525 /* EmotionApi.swift */ = {isa = PBXFileReference; fileEncoding = 4; lastKnownFileType = sourcecode.swift; path = EmotionApi.swift; sourceTree = "<group>"; };
		526703CD1E73DD5100040525 /* Emotion.swift */ = {isa = PBXFileReference; fileEncoding = 4; lastKnownFileType = sourcecode.swift; path = Emotion.swift; sourceTree = "<group>"; };
		526703CF1E73F43E00040525 /* Graphs.storyboard */ = {isa = PBXFileReference; fileEncoding = 4; lastKnownFileType = file.storyboard; path = Graphs.storyboard; sourceTree = "<group>"; };
		526703D11E73F44800040525 /* Support.storyboard */ = {isa = PBXFileReference; fileEncoding = 4; lastKnownFileType = file.storyboard; path = Support.storyboard; sourceTree = "<group>"; };
		526703D31E73F45300040525 /* History.storyboard */ = {isa = PBXFileReference; fileEncoding = 4; lastKnownFileType = file.storyboard; path = History.storyboard; sourceTree = "<group>"; };
		636D5E7B1E74726E001D9FE3 /* CameraViewController.swift */ = {isa = PBXFileReference; fileEncoding = 4; lastKnownFileType = sourcecode.swift; path = CameraViewController.swift; sourceTree = "<group>"; };
		776EC84F1E73915B005671DF /* Day0.app */ = {isa = PBXFileReference; explicitFileType = wrapper.application; includeInIndex = 0; path = Day0.app; sourceTree = BUILT_PRODUCTS_DIR; };
		776EC8521E73915B005671DF /* AppDelegate.swift */ = {isa = PBXFileReference; lastKnownFileType = sourcecode.swift; path = AppDelegate.swift; sourceTree = "<group>"; };
		776EC8541E73915B005671DF /* ViewController.swift */ = {isa = PBXFileReference; indentWidth = 2; lastKnownFileType = sourcecode.swift; path = ViewController.swift; sourceTree = "<group>"; tabWidth = 2; };
		776EC8571E73915B005671DF /* Base */ = {isa = PBXFileReference; lastKnownFileType = file.storyboard; name = Base; path = Base.lproj/Main.storyboard; sourceTree = "<group>"; };
		776EC8591E73915B005671DF /* Assets.xcassets */ = {isa = PBXFileReference; lastKnownFileType = folder.assetcatalog; path = Assets.xcassets; sourceTree = "<group>"; };
		776EC85C1E73915B005671DF /* Base */ = {isa = PBXFileReference; lastKnownFileType = file.storyboard; name = Base; path = Base.lproj/LaunchScreen.storyboard; sourceTree = "<group>"; };
		776EC85E1E73915B005671DF /* Info.plist */ = {isa = PBXFileReference; lastKnownFileType = text.plist.xml; path = Info.plist; sourceTree = "<group>"; };
		776EC8631E73915B005671DF /* Day0Tests.xctest */ = {isa = PBXFileReference; explicitFileType = wrapper.cfbundle; includeInIndex = 0; path = Day0Tests.xctest; sourceTree = BUILT_PRODUCTS_DIR; };
		776EC8671E73915B005671DF /* Day0Tests.swift */ = {isa = PBXFileReference; lastKnownFileType = sourcecode.swift; path = Day0Tests.swift; sourceTree = "<group>"; };
		776EC8691E73915B005671DF /* Info.plist */ = {isa = PBXFileReference; lastKnownFileType = text.plist.xml; path = Info.plist; sourceTree = "<group>"; };
		776EC86E1E73915B005671DF /* Day0UITests.xctest */ = {isa = PBXFileReference; explicitFileType = wrapper.cfbundle; includeInIndex = 0; path = Day0UITests.xctest; sourceTree = BUILT_PRODUCTS_DIR; };
		776EC8721E73915B005671DF /* Day0UITests.swift */ = {isa = PBXFileReference; lastKnownFileType = sourcecode.swift; path = Day0UITests.swift; sourceTree = "<group>"; };
		776EC8741E73915B005671DF /* Info.plist */ = {isa = PBXFileReference; lastKnownFileType = text.plist.xml; path = Info.plist; sourceTree = "<group>"; };
		8F6377DFCDDA8C170597B15E /* Pods_Day0Tests.framework */ = {isa = PBXFileReference; explicitFileType = wrapper.framework; includeInIndex = 0; path = Pods_Day0Tests.framework; sourceTree = BUILT_PRODUCTS_DIR; };
		914175275FC00569EED952A8 /* Pods-Day0UITests.debug.xcconfig */ = {isa = PBXFileReference; includeInIndex = 1; lastKnownFileType = text.xcconfig; name = "Pods-Day0UITests.debug.xcconfig"; path = "Pods/Target Support Files/Pods-Day0UITests/Pods-Day0UITests.debug.xcconfig"; sourceTree = "<group>"; };
		927F1A4AF2267116298C5854 /* Pods-Day0Tests.debug.xcconfig */ = {isa = PBXFileReference; includeInIndex = 1; lastKnownFileType = text.xcconfig; name = "Pods-Day0Tests.debug.xcconfig"; path = "Pods/Target Support Files/Pods-Day0Tests/Pods-Day0Tests.debug.xcconfig"; sourceTree = "<group>"; };
		BA44F50E614B51007032A063 /* Pods-Day0Tests.release.xcconfig */ = {isa = PBXFileReference; includeInIndex = 1; lastKnownFileType = text.xcconfig; name = "Pods-Day0Tests.release.xcconfig"; path = "Pods/Target Support Files/Pods-Day0Tests/Pods-Day0Tests.release.xcconfig"; sourceTree = "<group>"; };
		DB44608B4AFB745D2E435B59 /* Pods_Day0UITests.framework */ = {isa = PBXFileReference; explicitFileType = wrapper.framework; includeInIndex = 0; path = Pods_Day0UITests.framework; sourceTree = BUILT_PRODUCTS_DIR; };
		DEBFC37901D5F1DD49EA604E /* Pods-Day0UITests.release.xcconfig */ = {isa = PBXFileReference; includeInIndex = 1; lastKnownFileType = text.xcconfig; name = "Pods-Day0UITests.release.xcconfig"; path = "Pods/Target Support Files/Pods-Day0UITests/Pods-Day0UITests.release.xcconfig"; sourceTree = "<group>"; };
		F4136DB7AE4D0FE9F2D1CE51 /* Pods-Day0.release.xcconfig */ = {isa = PBXFileReference; includeInIndex = 1; lastKnownFileType = text.xcconfig; name = "Pods-Day0.release.xcconfig"; path = "Pods/Target Support Files/Pods-Day0/Pods-Day0.release.xcconfig"; sourceTree = "<group>"; };
		FA9233B76E9054DD58E95A27 /* Pods-Day0.debug.xcconfig */ = {isa = PBXFileReference; includeInIndex = 1; lastKnownFileType = text.xcconfig; name = "Pods-Day0.debug.xcconfig"; path = "Pods/Target Support Files/Pods-Day0/Pods-Day0.debug.xcconfig"; sourceTree = "<group>"; };
/* End PBXFileReference section */

/* Begin PBXFrameworksBuildPhase section */
		776EC84C1E73915B005671DF /* Frameworks */ = {
			isa = PBXFrameworksBuildPhase;
			buildActionMask = 2147483647;
			files = (
				C3F10D4150A342C2097B0DE3 /* Pods_Day0.framework in Frameworks */,
			);
			runOnlyForDeploymentPostprocessing = 0;
		};
		776EC8601E73915B005671DF /* Frameworks */ = {
			isa = PBXFrameworksBuildPhase;
			buildActionMask = 2147483647;
			files = (
				45DC2E26989F65F041A5928C /* Pods_Day0Tests.framework in Frameworks */,
			);
			runOnlyForDeploymentPostprocessing = 0;
		};
		776EC86B1E73915B005671DF /* Frameworks */ = {
			isa = PBXFrameworksBuildPhase;
			buildActionMask = 2147483647;
			files = (
				6A4F8801BAC587300B759899 /* Pods_Day0UITests.framework in Frameworks */,
			);
			runOnlyForDeploymentPostprocessing = 0;
		};
/* End PBXFrameworksBuildPhase section */

/* Begin PBXGroup section */
		49DE418F4520B5E5C9B5507B /* Frameworks */ = {
			isa = PBXGroup;
			children = (
				36F57DE73EC90CBE1DC45F3C /* Pods_Day0.framework */,
				8F6377DFCDDA8C170597B15E /* Pods_Day0Tests.framework */,
				DB44608B4AFB745D2E435B59 /* Pods_Day0UITests.framework */,
			);
			name = Frameworks;
			sourceTree = "<group>";
		};
		776EC8461E73915B005671DF = {
			isa = PBXGroup;
			children = (
				776EC8511E73915B005671DF /* Day0 */,
				776EC8661E73915B005671DF /* Day0Tests */,
				776EC8711E73915B005671DF /* Day0UITests */,
				776EC8501E73915B005671DF /* Products */,
				D98452EE041D4692895CD858 /* Pods */,
				49DE418F4520B5E5C9B5507B /* Frameworks */,
			);
			sourceTree = "<group>";
		};
		776EC8501E73915B005671DF /* Products */ = {
			isa = PBXGroup;
			children = (
				776EC84F1E73915B005671DF /* Day0.app */,
				776EC8631E73915B005671DF /* Day0Tests.xctest */,
				776EC86E1E73915B005671DF /* Day0UITests.xctest */,
			);
			name = Products;
			sourceTree = "<group>";
		};
		776EC8511E73915B005671DF /* Day0 */ = {
			isa = PBXGroup;
			children = (
				5201E9CF1E7480BC00EFE64D /* TKRadarChart.swift */,
				776EC8521E73915B005671DF /* AppDelegate.swift */,
				526703CB1E73DC8A00040525 /* EmotionApi.swift */,
				526703CD1E73DD5100040525 /* Emotion.swift */,
				5201E9C91E74719300EFE64D /* HistoryData.swift */,
				776EC8541E73915B005671DF /* ViewController.swift */,
				776EC8561E73915B005671DF /* Main.storyboard */,
				5201E9C71E746D4600EFE64D /* Camera.storyboard */,
				5201E9CB1E747A7A00EFE64D /* PicturePopupViewController.swift */,
				5201E9D11E74816E00EFE64D /* PicturePopupResultViewController.swift */,
				5201E9CD1E747AAC00EFE64D /* PicturePopup.storyboard */,
				5201E9D31E7484E900EFE64D /* RadarChartViewController.swift */,
				636D5E7B1E74726E001D9FE3 /* CameraViewController.swift */,
				526703CF1E73F43E00040525 /* Graphs.storyboard */,
				526703D11E73F44800040525 /* Support.storyboard */,
				526703D31E73F45300040525 /* History.storyboard */,
				776EC8591E73915B005671DF /* Assets.xcassets */,
				776EC85B1E73915B005671DF /* LaunchScreen.storyboard */,
				776EC85E1E73915B005671DF /* Info.plist */,
			);
			path = Day0;
			sourceTree = "<group>";
		};
		776EC8661E73915B005671DF /* Day0Tests */ = {
			isa = PBXGroup;
			children = (
				776EC8671E73915B005671DF /* Day0Tests.swift */,
				776EC8691E73915B005671DF /* Info.plist */,
			);
			path = Day0Tests;
			sourceTree = "<group>";
		};
		776EC8711E73915B005671DF /* Day0UITests */ = {
			isa = PBXGroup;
			children = (
				776EC8721E73915B005671DF /* Day0UITests.swift */,
				776EC8741E73915B005671DF /* Info.plist */,
			);
			path = Day0UITests;
			sourceTree = "<group>";
		};
		D98452EE041D4692895CD858 /* Pods */ = {
			isa = PBXGroup;
			children = (
				FA9233B76E9054DD58E95A27 /* Pods-Day0.debug.xcconfig */,
				F4136DB7AE4D0FE9F2D1CE51 /* Pods-Day0.release.xcconfig */,
				927F1A4AF2267116298C5854 /* Pods-Day0Tests.debug.xcconfig */,
				BA44F50E614B51007032A063 /* Pods-Day0Tests.release.xcconfig */,
				914175275FC00569EED952A8 /* Pods-Day0UITests.debug.xcconfig */,
				DEBFC37901D5F1DD49EA604E /* Pods-Day0UITests.release.xcconfig */,
			);
			name = Pods;
			sourceTree = "<group>";
		};
/* End PBXGroup section */

/* Begin PBXNativeTarget section */
		776EC84E1E73915B005671DF /* Day0 */ = {
			isa = PBXNativeTarget;
			buildConfigurationList = 776EC8771E73915B005671DF /* Build configuration list for PBXNativeTarget "Day0" */;
			buildPhases = (
				1D5E9A989DC16528F38D9552 /* [CP] Check Pods Manifest.lock */,
				776EC84B1E73915B005671DF /* Sources */,
				776EC84C1E73915B005671DF /* Frameworks */,
				776EC84D1E73915B005671DF /* Resources */,
				3B6137E8AE3D0C57956E7E5A /* [CP] Embed Pods Frameworks */,
				FC3289B97E8CD74761E6BC1E /* [CP] Copy Pods Resources */,
			);
			buildRules = (
			);
			dependencies = (
			);
			name = Day0;
			productName = Day0;
			productReference = 776EC84F1E73915B005671DF /* Day0.app */;
			productType = "com.apple.product-type.application";
		};
		776EC8621E73915B005671DF /* Day0Tests */ = {
			isa = PBXNativeTarget;
			buildConfigurationList = 776EC87A1E73915B005671DF /* Build configuration list for PBXNativeTarget "Day0Tests" */;
			buildPhases = (
				E7B4CE13F4C066CEFADA7174 /* [CP] Check Pods Manifest.lock */,
				776EC85F1E73915B005671DF /* Sources */,
				776EC8601E73915B005671DF /* Frameworks */,
				776EC8611E73915B005671DF /* Resources */,
				3CDAA52707093FCCB38E8DC0 /* [CP] Embed Pods Frameworks */,
				59070CCCB177FC90F444B823 /* [CP] Copy Pods Resources */,
			);
			buildRules = (
			);
			dependencies = (
				776EC8651E73915B005671DF /* PBXTargetDependency */,
			);
			name = Day0Tests;
			productName = Day0Tests;
			productReference = 776EC8631E73915B005671DF /* Day0Tests.xctest */;
			productType = "com.apple.product-type.bundle.unit-test";
		};
		776EC86D1E73915B005671DF /* Day0UITests */ = {
			isa = PBXNativeTarget;
			buildConfigurationList = 776EC87D1E73915B005671DF /* Build configuration list for PBXNativeTarget "Day0UITests" */;
			buildPhases = (
				FE6A450F39E690F460B97024 /* [CP] Check Pods Manifest.lock */,
				776EC86A1E73915B005671DF /* Sources */,
				776EC86B1E73915B005671DF /* Frameworks */,
				776EC86C1E73915B005671DF /* Resources */,
				A8141FB0CF608058916F6439 /* [CP] Embed Pods Frameworks */,
				13E1532B3FC49FB97BEC4725 /* [CP] Copy Pods Resources */,
			);
			buildRules = (
			);
			dependencies = (
				776EC8701E73915B005671DF /* PBXTargetDependency */,
			);
			name = Day0UITests;
			productName = Day0UITests;
			productReference = 776EC86E1E73915B005671DF /* Day0UITests.xctest */;
			productType = "com.apple.product-type.bundle.ui-testing";
		};
/* End PBXNativeTarget section */

/* Begin PBXProject section */
		776EC8471E73915B005671DF /* Project object */ = {
			isa = PBXProject;
			attributes = {
				LastSwiftUpdateCheck = 0820;
				LastUpgradeCheck = 0820;
				ORGANIZATIONNAME = 0mbps;
				TargetAttributes = {
					776EC84E1E73915B005671DF = {
						CreatedOnToolsVersion = 8.2.1;
						DevelopmentTeam = JJZEHE8HZ5;
						ProvisioningStyle = Automatic;
					};
					776EC8621E73915B005671DF = {
						CreatedOnToolsVersion = 8.2.1;
						DevelopmentTeam = 7V9WT7YFLX;
						ProvisioningStyle = Automatic;
						TestTargetID = 776EC84E1E73915B005671DF;
					};
					776EC86D1E73915B005671DF = {
						CreatedOnToolsVersion = 8.2.1;
						DevelopmentTeam = 7V9WT7YFLX;
						ProvisioningStyle = Automatic;
						TestTargetID = 776EC84E1E73915B005671DF;
					};
				};
			};
			buildConfigurationList = 776EC84A1E73915B005671DF /* Build configuration list for PBXProject "Day0" */;
			compatibilityVersion = "Xcode 3.2";
			developmentRegion = English;
			hasScannedForEncodings = 0;
			knownRegions = (
				en,
				Base,
			);
			mainGroup = 776EC8461E73915B005671DF;
			productRefGroup = 776EC8501E73915B005671DF /* Products */;
			projectDirPath = "";
			projectRoot = "";
			targets = (
				776EC84E1E73915B005671DF /* Day0 */,
				776EC8621E73915B005671DF /* Day0Tests */,
				776EC86D1E73915B005671DF /* Day0UITests */,
			);
		};
/* End PBXProject section */

/* Begin PBXResourcesBuildPhase section */
		776EC84D1E73915B005671DF /* Resources */ = {
			isa = PBXResourcesBuildPhase;
			buildActionMask = 2147483647;
			files = (
				776EC85D1E73915B005671DF /* LaunchScreen.storyboard in Resources */,
				5201E9C81E746D4600EFE64D /* Camera.storyboard in Resources */,
				526703D21E73F44800040525 /* Support.storyboard in Resources */,
				526703D01E73F43E00040525 /* Graphs.storyboard in Resources */,
				776EC85A1E73915B005671DF /* Assets.xcassets in Resources */,
				776EC8581E73915B005671DF /* Main.storyboard in Resources */,
				5201E9CE1E747AAC00EFE64D /* PicturePopup.storyboard in Resources */,
				526703D41E73F45300040525 /* History.storyboard in Resources */,
			);
			runOnlyForDeploymentPostprocessing = 0;
		};
		776EC8611E73915B005671DF /* Resources */ = {
			isa = PBXResourcesBuildPhase;
			buildActionMask = 2147483647;
			files = (
			);
			runOnlyForDeploymentPostprocessing = 0;
		};
		776EC86C1E73915B005671DF /* Resources */ = {
			isa = PBXResourcesBuildPhase;
			buildActionMask = 2147483647;
			files = (
			);
			runOnlyForDeploymentPostprocessing = 0;
		};
/* End PBXResourcesBuildPhase section */

/* Begin PBXShellScriptBuildPhase section */
		13E1532B3FC49FB97BEC4725 /* [CP] Copy Pods Resources */ = {
			isa = PBXShellScriptBuildPhase;
			buildActionMask = 2147483647;
			files = (
			);
			inputPaths = (
			);
			name = "[CP] Copy Pods Resources";
			outputPaths = (
			);
			runOnlyForDeploymentPostprocessing = 0;
			shellPath = /bin/sh;
			shellScript = "\"${SRCROOT}/Pods/Target Support Files/Pods-Day0UITests/Pods-Day0UITests-resources.sh\"\n";
			showEnvVarsInLog = 0;
		};
		1D5E9A989DC16528F38D9552 /* [CP] Check Pods Manifest.lock */ = {
			isa = PBXShellScriptBuildPhase;
			buildActionMask = 2147483647;
			files = (
			);
			inputPaths = (
			);
			name = "[CP] Check Pods Manifest.lock";
			outputPaths = (
			);
			runOnlyForDeploymentPostprocessing = 0;
			shellPath = /bin/sh;
			shellScript = "diff \"${PODS_ROOT}/../Podfile.lock\" \"${PODS_ROOT}/Manifest.lock\" > /dev/null\nif [ $? != 0 ] ; then\n    # print error to STDERR\n    echo \"error: The sandbox is not in sync with the Podfile.lock. Run 'pod install' or update your CocoaPods installation.\" >&2\n    exit 1\nfi\n";
			showEnvVarsInLog = 0;
		};
		3B6137E8AE3D0C57956E7E5A /* [CP] Embed Pods Frameworks */ = {
			isa = PBXShellScriptBuildPhase;
			buildActionMask = 2147483647;
			files = (
			);
			inputPaths = (
			);
			name = "[CP] Embed Pods Frameworks";
			outputPaths = (
			);
			runOnlyForDeploymentPostprocessing = 0;
			shellPath = /bin/sh;
			shellScript = "\"${SRCROOT}/Pods/Target Support Files/Pods-Day0/Pods-Day0-frameworks.sh\"\n";
			showEnvVarsInLog = 0;
		};
		3CDAA52707093FCCB38E8DC0 /* [CP] Embed Pods Frameworks */ = {
			isa = PBXShellScriptBuildPhase;
			buildActionMask = 2147483647;
			files = (
			);
			inputPaths = (
			);
			name = "[CP] Embed Pods Frameworks";
			outputPaths = (
			);
			runOnlyForDeploymentPostprocessing = 0;
			shellPath = /bin/sh;
			shellScript = "\"${SRCROOT}/Pods/Target Support Files/Pods-Day0Tests/Pods-Day0Tests-frameworks.sh\"\n";
			showEnvVarsInLog = 0;
		};
		59070CCCB177FC90F444B823 /* [CP] Copy Pods Resources */ = {
			isa = PBXShellScriptBuildPhase;
			buildActionMask = 2147483647;
			files = (
			);
			inputPaths = (
			);
			name = "[CP] Copy Pods Resources";
			outputPaths = (
			);
			runOnlyForDeploymentPostprocessing = 0;
			shellPath = /bin/sh;
			shellScript = "\"${SRCROOT}/Pods/Target Support Files/Pods-Day0Tests/Pods-Day0Tests-resources.sh\"\n";
			showEnvVarsInLog = 0;
		};
		A8141FB0CF608058916F6439 /* [CP] Embed Pods Frameworks */ = {
			isa = PBXShellScriptBuildPhase;
			buildActionMask = 2147483647;
			files = (
			);
			inputPaths = (
			);
			name = "[CP] Embed Pods Frameworks";
			outputPaths = (
			);
			runOnlyForDeploymentPostprocessing = 0;
			shellPath = /bin/sh;
			shellScript = "\"${SRCROOT}/Pods/Target Support Files/Pods-Day0UITests/Pods-Day0UITests-frameworks.sh\"\n";
			showEnvVarsInLog = 0;
		};
		E7B4CE13F4C066CEFADA7174 /* [CP] Check Pods Manifest.lock */ = {
			isa = PBXShellScriptBuildPhase;
			buildActionMask = 2147483647;
			files = (
			);
			inputPaths = (
			);
			name = "[CP] Check Pods Manifest.lock";
			outputPaths = (
			);
			runOnlyForDeploymentPostprocessing = 0;
			shellPath = /bin/sh;
			shellScript = "diff \"${PODS_ROOT}/../Podfile.lock\" \"${PODS_ROOT}/Manifest.lock\" > /dev/null\nif [ $? != 0 ] ; then\n    # print error to STDERR\n    echo \"error: The sandbox is not in sync with the Podfile.lock. Run 'pod install' or update your CocoaPods installation.\" >&2\n    exit 1\nfi\n";
			showEnvVarsInLog = 0;
		};
		FC3289B97E8CD74761E6BC1E /* [CP] Copy Pods Resources */ = {
			isa = PBXShellScriptBuildPhase;
			buildActionMask = 2147483647;
			files = (
			);
			inputPaths = (
			);
			name = "[CP] Copy Pods Resources";
			outputPaths = (
			);
			runOnlyForDeploymentPostprocessing = 0;
			shellPath = /bin/sh;
			shellScript = "\"${SRCROOT}/Pods/Target Support Files/Pods-Day0/Pods-Day0-resources.sh\"\n";
			showEnvVarsInLog = 0;
		};
		FE6A450F39E690F460B97024 /* [CP] Check Pods Manifest.lock */ = {
			isa = PBXShellScriptBuildPhase;
			buildActionMask = 2147483647;
			files = (
			);
			inputPaths = (
			);
			name = "[CP] Check Pods Manifest.lock";
			outputPaths = (
			);
			runOnlyForDeploymentPostprocessing = 0;
			shellPath = /bin/sh;
			shellScript = "diff \"${PODS_ROOT}/../Podfile.lock\" \"${PODS_ROOT}/Manifest.lock\" > /dev/null\nif [ $? != 0 ] ; then\n    # print error to STDERR\n    echo \"error: The sandbox is not in sync with the Podfile.lock. Run 'pod install' or update your CocoaPods installation.\" >&2\n    exit 1\nfi\n";
			showEnvVarsInLog = 0;
		};
/* End PBXShellScriptBuildPhase section */

/* Begin PBXSourcesBuildPhase section */
		776EC84B1E73915B005671DF /* Sources */ = {
			isa = PBXSourcesBuildPhase;
			buildActionMask = 2147483647;
			files = (
				526703CC1E73DC8A00040525 /* EmotionApi.swift in Sources */,
				636D5E7C1E74726E001D9FE3 /* CameraViewController.swift in Sources */,
				776EC8551E73915B005671DF /* ViewController.swift in Sources */,
				5201E9D41E7484E900EFE64D /* RadarChartViewController.swift in Sources */,
				5201E9CC1E747A7A00EFE64D /* PicturePopupViewController.swift in Sources */,
				776EC8531E73915B005671DF /* AppDelegate.swift in Sources */,
				5201E9CA1E74719300EFE64D /* HistoryData.swift in Sources */,
				5201E9D01E7480BC00EFE64D /* TKRadarChart.swift in Sources */,
				526703CE1E73DD5100040525 /* Emotion.swift in Sources */,
				5201E9D21E74816E00EFE64D /* PicturePopupResultViewController.swift in Sources */,
			);
			runOnlyForDeploymentPostprocessing = 0;
		};
		776EC85F1E73915B005671DF /* Sources */ = {
			isa = PBXSourcesBuildPhase;
			buildActionMask = 2147483647;
			files = (
				776EC8681E73915B005671DF /* Day0Tests.swift in Sources */,
				636D5E7D1E74726E001D9FE3 /* CameraViewController.swift in Sources */,
			);
			runOnlyForDeploymentPostprocessing = 0;
		};
		776EC86A1E73915B005671DF /* Sources */ = {
			isa = PBXSourcesBuildPhase;
			buildActionMask = 2147483647;
			files = (
				776EC8731E73915B005671DF /* Day0UITests.swift in Sources */,
				636D5E7E1E74726E001D9FE3 /* CameraViewController.swift in Sources */,
			);
			runOnlyForDeploymentPostprocessing = 0;
		};
/* End PBXSourcesBuildPhase section */

/* Begin PBXTargetDependency section */
		776EC8651E73915B005671DF /* PBXTargetDependency */ = {
			isa = PBXTargetDependency;
			target = 776EC84E1E73915B005671DF /* Day0 */;
			targetProxy = 776EC8641E73915B005671DF /* PBXContainerItemProxy */;
		};
		776EC8701E73915B005671DF /* PBXTargetDependency */ = {
			isa = PBXTargetDependency;
			target = 776EC84E1E73915B005671DF /* Day0 */;
			targetProxy = 776EC86F1E73915B005671DF /* PBXContainerItemProxy */;
		};
/* End PBXTargetDependency section */

/* Begin PBXVariantGroup section */
		776EC8561E73915B005671DF /* Main.storyboard */ = {
			isa = PBXVariantGroup;
			children = (
				776EC8571E73915B005671DF /* Base */,
			);
			name = Main.storyboard;
			sourceTree = "<group>";
		};
		776EC85B1E73915B005671DF /* LaunchScreen.storyboard */ = {
			isa = PBXVariantGroup;
			children = (
				776EC85C1E73915B005671DF /* Base */,
			);
			name = LaunchScreen.storyboard;
			sourceTree = "<group>";
		};
/* End PBXVariantGroup section */

/* Begin XCBuildConfiguration section */
		776EC8751E73915B005671DF /* Debug */ = {
			isa = XCBuildConfiguration;
			buildSettings = {
				ALWAYS_SEARCH_USER_PATHS = NO;
				CLANG_ANALYZER_NONNULL = YES;
				CLANG_CXX_LANGUAGE_STANDARD = "gnu++0x";
				CLANG_CXX_LIBRARY = "libc++";
				CLANG_ENABLE_MODULES = YES;
				CLANG_ENABLE_OBJC_ARC = YES;
				CLANG_WARN_BOOL_CONVERSION = YES;
				CLANG_WARN_CONSTANT_CONVERSION = YES;
				CLANG_WARN_DIRECT_OBJC_ISA_USAGE = YES_ERROR;
				CLANG_WARN_DOCUMENTATION_COMMENTS = YES;
				CLANG_WARN_EMPTY_BODY = YES;
				CLANG_WARN_ENUM_CONVERSION = YES;
				CLANG_WARN_INFINITE_RECURSION = YES;
				CLANG_WARN_INT_CONVERSION = YES;
				CLANG_WARN_OBJC_ROOT_CLASS = YES_ERROR;
				CLANG_WARN_SUSPICIOUS_MOVE = YES;
				CLANG_WARN_UNREACHABLE_CODE = YES;
				CLANG_WARN__DUPLICATE_METHOD_MATCH = YES;
				"CODE_SIGN_IDENTITY[sdk=iphoneos*]" = "iPhone Developer";
				COPY_PHASE_STRIP = NO;
				DEBUG_INFORMATION_FORMAT = dwarf;
				ENABLE_STRICT_OBJC_MSGSEND = YES;
				ENABLE_TESTABILITY = YES;
				GCC_C_LANGUAGE_STANDARD = gnu99;
				GCC_DYNAMIC_NO_PIC = NO;
				GCC_NO_COMMON_BLOCKS = YES;
				GCC_OPTIMIZATION_LEVEL = 0;
				GCC_PREPROCESSOR_DEFINITIONS = (
					"DEBUG=1",
					"$(inherited)",
				);
				GCC_WARN_64_TO_32_BIT_CONVERSION = YES;
				GCC_WARN_ABOUT_RETURN_TYPE = YES_ERROR;
				GCC_WARN_UNDECLARED_SELECTOR = YES;
				GCC_WARN_UNINITIALIZED_AUTOS = YES_AGGRESSIVE;
				GCC_WARN_UNUSED_FUNCTION = YES;
				GCC_WARN_UNUSED_VARIABLE = YES;
				IPHONEOS_DEPLOYMENT_TARGET = 10.2;
				MTL_ENABLE_DEBUG_INFO = YES;
				ONLY_ACTIVE_ARCH = YES;
				SDKROOT = iphoneos;
				SWIFT_ACTIVE_COMPILATION_CONDITIONS = DEBUG;
				SWIFT_OPTIMIZATION_LEVEL = "-Onone";
			};
			name = Debug;
		};
		776EC8761E73915B005671DF /* Release */ = {
			isa = XCBuildConfiguration;
			buildSettings = {
				ALWAYS_SEARCH_USER_PATHS = NO;
				CLANG_ANALYZER_NONNULL = YES;
				CLANG_CXX_LANGUAGE_STANDARD = "gnu++0x";
				CLANG_CXX_LIBRARY = "libc++";
				CLANG_ENABLE_MODULES = YES;
				CLANG_ENABLE_OBJC_ARC = YES;
				CLANG_WARN_BOOL_CONVERSION = YES;
				CLANG_WARN_CONSTANT_CONVERSION = YES;
				CLANG_WARN_DIRECT_OBJC_ISA_USAGE = YES_ERROR;
				CLANG_WARN_DOCUMENTATION_COMMENTS = YES;
				CLANG_WARN_EMPTY_BODY = YES;
				CLANG_WARN_ENUM_CONVERSION = YES;
				CLANG_WARN_INFINITE_RECURSION = YES;
				CLANG_WARN_INT_CONVERSION = YES;
				CLANG_WARN_OBJC_ROOT_CLASS = YES_ERROR;
				CLANG_WARN_SUSPICIOUS_MOVE = YES;
				CLANG_WARN_UNREACHABLE_CODE = YES;
				CLANG_WARN__DUPLICATE_METHOD_MATCH = YES;
				"CODE_SIGN_IDENTITY[sdk=iphoneos*]" = "iPhone Developer";
				COPY_PHASE_STRIP = NO;
				DEBUG_INFORMATION_FORMAT = "dwarf-with-dsym";
				ENABLE_NS_ASSERTIONS = NO;
				ENABLE_STRICT_OBJC_MSGSEND = YES;
				GCC_C_LANGUAGE_STANDARD = gnu99;
				GCC_NO_COMMON_BLOCKS = YES;
				GCC_WARN_64_TO_32_BIT_CONVERSION = YES;
				GCC_WARN_ABOUT_RETURN_TYPE = YES_ERROR;
				GCC_WARN_UNDECLARED_SELECTOR = YES;
				GCC_WARN_UNINITIALIZED_AUTOS = YES_AGGRESSIVE;
				GCC_WARN_UNUSED_FUNCTION = YES;
				GCC_WARN_UNUSED_VARIABLE = YES;
				IPHONEOS_DEPLOYMENT_TARGET = 10.2;
				MTL_ENABLE_DEBUG_INFO = NO;
				SDKROOT = iphoneos;
				SWIFT_OPTIMIZATION_LEVEL = "-Owholemodule";
				VALIDATE_PRODUCT = YES;
			};
			name = Release;
		};
		776EC8781E73915B005671DF /* Debug */ = {
			isa = XCBuildConfiguration;
			baseConfigurationReference = FA9233B76E9054DD58E95A27 /* Pods-Day0.debug.xcconfig */;
			buildSettings = {
				ASSETCATALOG_COMPILER_APPICON_NAME = AppIcon;
				DEVELOPMENT_TEAM = JJZEHE8HZ5;
				INFOPLIST_FILE = Day0/Info.plist;
				LD_RUNPATH_SEARCH_PATHS = "$(inherited) @executable_path/Frameworks";
				PRODUCT_BUNDLE_IDENTIFIER = zeroMbps.Day0;
				PRODUCT_NAME = "$(TARGET_NAME)";
				SWIFT_VERSION = 3.0;
			};
			name = Debug;
		};
		776EC8791E73915B005671DF /* Release */ = {
			isa = XCBuildConfiguration;
			baseConfigurationReference = F4136DB7AE4D0FE9F2D1CE51 /* Pods-Day0.release.xcconfig */;
			buildSettings = {
				ASSETCATALOG_COMPILER_APPICON_NAME = AppIcon;
				DEVELOPMENT_TEAM = JJZEHE8HZ5;
				INFOPLIST_FILE = Day0/Info.plist;
				LD_RUNPATH_SEARCH_PATHS = "$(inherited) @executable_path/Frameworks";
				PRODUCT_BUNDLE_IDENTIFIER = zeroMbps.Day0;
				PRODUCT_NAME = "$(TARGET_NAME)";
				SWIFT_VERSION = 3.0;
			};
			name = Release;
		};
		776EC87B1E73915B005671DF /* Debug */ = {
			isa = XCBuildConfiguration;
			baseConfigurationReference = 927F1A4AF2267116298C5854 /* Pods-Day0Tests.debug.xcconfig */;
			buildSettings = {
				ALWAYS_EMBED_SWIFT_STANDARD_LIBRARIES = YES;
				BUNDLE_LOADER = "$(TEST_HOST)";
				DEVELOPMENT_TEAM = 7V9WT7YFLX;
				INFOPLIST_FILE = Day0Tests/Info.plist;
				LD_RUNPATH_SEARCH_PATHS = "$(inherited) @executable_path/Frameworks @loader_path/Frameworks";
				PRODUCT_BUNDLE_IDENTIFIER = zeroMbps.Day0Tests;
				PRODUCT_NAME = "$(TARGET_NAME)";
				SWIFT_VERSION = 3.0;
				TEST_HOST = "$(BUILT_PRODUCTS_DIR)/Day0.app/Day0";
			};
			name = Debug;
		};
		776EC87C1E73915B005671DF /* Release */ = {
			isa = XCBuildConfiguration;
			baseConfigurationReference = BA44F50E614B51007032A063 /* Pods-Day0Tests.release.xcconfig */;
			buildSettings = {
				ALWAYS_EMBED_SWIFT_STANDARD_LIBRARIES = YES;
				BUNDLE_LOADER = "$(TEST_HOST)";
				DEVELOPMENT_TEAM = 7V9WT7YFLX;
				INFOPLIST_FILE = Day0Tests/Info.plist;
				LD_RUNPATH_SEARCH_PATHS = "$(inherited) @executable_path/Frameworks @loader_path/Frameworks";
				PRODUCT_BUNDLE_IDENTIFIER = zeroMbps.Day0Tests;
				PRODUCT_NAME = "$(TARGET_NAME)";
				SWIFT_VERSION = 3.0;
				TEST_HOST = "$(BUILT_PRODUCTS_DIR)/Day0.app/Day0";
			};
			name = Release;
		};
		776EC87E1E73915B005671DF /* Debug */ = {
			isa = XCBuildConfiguration;
			baseConfigurationReference = 914175275FC00569EED952A8 /* Pods-Day0UITests.debug.xcconfig */;
			buildSettings = {
				ALWAYS_EMBED_SWIFT_STANDARD_LIBRARIES = YES;
				DEVELOPMENT_TEAM = 7V9WT7YFLX;
				INFOPLIST_FILE = Day0UITests/Info.plist;
				LD_RUNPATH_SEARCH_PATHS = "$(inherited) @executable_path/Frameworks @loader_path/Frameworks";
				PRODUCT_BUNDLE_IDENTIFIER = zeroMbps.Day0UITests;
				PRODUCT_NAME = "$(TARGET_NAME)";
				SWIFT_VERSION = 3.0;
				TEST_TARGET_NAME = Day0;
			};
			name = Debug;
		};
		776EC87F1E73915B005671DF /* Release */ = {
			isa = XCBuildConfiguration;
			baseConfigurationReference = DEBFC37901D5F1DD49EA604E /* Pods-Day0UITests.release.xcconfig */;
			buildSettings = {
				ALWAYS_EMBED_SWIFT_STANDARD_LIBRARIES = YES;
				DEVELOPMENT_TEAM = 7V9WT7YFLX;
				INFOPLIST_FILE = Day0UITests/Info.plist;
				LD_RUNPATH_SEARCH_PATHS = "$(inherited) @executable_path/Frameworks @loader_path/Frameworks";
				PRODUCT_BUNDLE_IDENTIFIER = zeroMbps.Day0UITests;
				PRODUCT_NAME = "$(TARGET_NAME)";
				SWIFT_VERSION = 3.0;
				TEST_TARGET_NAME = Day0;
			};
			name = Release;
		};
/* End XCBuildConfiguration section */

/* Begin XCConfigurationList section */
		776EC84A1E73915B005671DF /* Build configuration list for PBXProject "Day0" */ = {
			isa = XCConfigurationList;
			buildConfigurations = (
				776EC8751E73915B005671DF /* Debug */,
				776EC8761E73915B005671DF /* Release */,
			);
			defaultConfigurationIsVisible = 0;
			defaultConfigurationName = Release;
		};
		776EC8771E73915B005671DF /* Build configuration list for PBXNativeTarget "Day0" */ = {
			isa = XCConfigurationList;
			buildConfigurations = (
				776EC8781E73915B005671DF /* Debug */,
				776EC8791E73915B005671DF /* Release */,
			);
			defaultConfigurationIsVisible = 0;
			defaultConfigurationName = Release;
		};
		776EC87A1E73915B005671DF /* Build configuration list for PBXNativeTarget "Day0Tests" */ = {
			isa = XCConfigurationList;
			buildConfigurations = (
				776EC87B1E73915B005671DF /* Debug */,
				776EC87C1E73915B005671DF /* Release */,
			);
			defaultConfigurationIsVisible = 0;
			defaultConfigurationName = Release;
		};
		776EC87D1E73915B005671DF /* Build configuration list for PBXNativeTarget "Day0UITests" */ = {
			isa = XCConfigurationList;
			buildConfigurations = (
				776EC87E1E73915B005671DF /* Debug */,
				776EC87F1E73915B005671DF /* Release */,
			);
			defaultConfigurationIsVisible = 0;
			defaultConfigurationName = Release;
		};
/* End XCConfigurationList section */
	};
	rootObject = 776EC8471E73915B005671DF /* Project object */;
}
